
Microsoft Visual Studio Solution File, Format Version 12.00
# Visual Studio Version 17
VisualStudioVersion = 17.0.32014.148
MinimumVisualStudioVersion = 10.0.40219.1
Project("{8BC9CEB8-8B4A-11D0-8D11-00A0C91BC942}") = "Kinect2depthcolor2Points", "Kinect2depthcolor2Points.vcxproj", "{30A6807A-5214-4E51-9ECA-AAFA08F9F6D8}"
EndProject
Global
	GlobalSection(SolutionConfigurationPlatforms) = preSolution
		Debug|x86 = Debug|x86
		Release|x86 = Release|x86
	EndGlobalSection
	GlobalSection(ProjectConfigurationPlatforms) = postSolution
		{30A6807A-5214-4E51-9ECA-AAFA08F9F6D8}.Debug|x86.ActiveCfg = Debug|Win32
		{30A6807A-5214-4E51-9ECA-AAFA08F9F6D8}.Debug|x86.Build.0 = Debug|Win32
		{30A6807A-5214-4E51-9ECA-AAFA08F9F6D8}.Release|x86.ActiveCfg = Release|Win32
		{30A6807A-5214-4E51-9ECA-AAFA08F9F6D8}.Release|x86.Build.0 = Release|Win32
	EndGlobalSection
	GlobalSection(SolutionProperties) = preSolution
		HideSolutionNode = FALSE
	EndGlobalSection
	GlobalSection(ExtensibilityGlobals) = postSolution
		SolutionGuid = {C3B3A466-0425-406A-A41D-8814F1521E1F}
	EndGlobalSection
EndGlobal
